
Microsoft Visual Studio Solution File, Format Version 12.00
# Visual Studio Version 16
VisualStudioVersion = 16.0.32602.291
MinimumVisualStudioVersion = 10.0.40219.1
Project("{FAE04EC0-301F-11D3-BF4B-00C04F79EFBC}") = "Daggerfall Perfect Combination", "Daggerfall Perfect Combination\Daggerfall Perfect Combination.csproj", "{C504D48D-3B10-4423-B9AF-2C4FB8CB7F7C}"
EndProject
Global
	GlobalSection(SolutionConfigurationPlatforms) = preSolution
		Debug|Any CPU = Debug|Any CPU
		Release|Any CPU = Release|Any CPU
	EndGlobalSection
	GlobalSection(ProjectConfigurationPlatforms) = postSolution
		{C504D48D-3B10-4423-B9AF-2C4FB8CB7F7C}.Debug|Any CPU.ActiveCfg = Debug|Any CPU
		{C504D48D-3B10-4423-B9AF-2C4FB8CB7F7C}.Debug|Any CPU.Build.0 = Debug|Any CPU
		{C504D48D-3B10-4423-B9AF-2C4FB8CB7F7C}.Release|Any CPU.ActiveCfg = Release|Any CPU
		{C504D48D-3B10-4423-B9AF-2C4FB8CB7F7C}.Release|Any CPU.Build.0 = Release|Any CPU
	EndGlobalSection
	GlobalSection(SolutionProperties) = preSolution
		HideSolutionNode = FALSE
	EndGlobalSection
	GlobalSection(ExtensibilityGlobals) = postSolution
		SolutionGuid = {0FDD1B67-CF3A-4EC5-95B7-14F9DECD2709}
	EndGlobalSection
EndGlobal
